
Microsoft Visual Studio Solution File, Format Version 12.00
# Visual Studio Version 16
VisualStudioVersion = 16.0.30225.117
MinimumVisualStudioVersion = 10.0.40219.1
Project("{FAE04EC0-301F-11D3-BF4B-00C04F79EFBC}") = "FizzBuzzTester", "FizzBuzzTester\FizzBuzzTester.csproj", "{2793AC27-63B0-42F6-BA78-440BD2B20264}"
EndProject
Global
	GlobalSection(SolutionConfigurationPlatforms) = preSolution
		Debug|Any CPU = Debug|Any CPU
		Release|Any CPU = Release|Any CPU
	EndGlobalSection
	GlobalSection(ProjectConfigurationPlatforms) = postSolution
		{2793AC27-63B0-42F6-BA78-440BD2B20264}.Debug|Any CPU.ActiveCfg = Debug|Any CPU
		{2793AC27-63B0-42F6-BA78-440BD2B20264}.Debug|Any CPU.Build.0 = Debug|Any CPU
		{2793AC27-63B0-42F6-BA78-440BD2B20264}.Release|Any CPU.ActiveCfg = Release|Any CPU
		{2793AC27-63B0-42F6-BA78-440BD2B20264}.Release|Any CPU.Build.0 = Release|Any CPU
	EndGlobalSection
	GlobalSection(SolutionProperties) = preSolution
		HideSolutionNode = FALSE
	EndGlobalSection
	GlobalSection(ExtensibilityGlobals) = postSolution
		SolutionGuid = {4C7DD0A2-F56E-47CB-B2A3-94541627DA9A}
	EndGlobalSection
EndGlobal
